
Microsoft Visual Studio Solution File, Format Version 12.00
# Visual Studio Version 16
VisualStudioVersion = 16.0.808.6
MinimumVisualStudioVersion = 10.0.40219.1
Project("{FAE04EC0-301F-11D3-BF4B-00C04F79EFBC}") = "XpmSample.Android", "XpmSample.Android\XpmSample.Android.csproj", "{370D63A8-5B28-4A34-8EC1-4954C6FB0DE7}"
EndProject
Project("{FAE04EC0-301F-11D3-BF4B-00C04F79EFBC}") = "XpmSample.iOS", "XpmSample.iOS\XpmSample.iOS.csproj", "{F8FE0229-82B0-4E91-AF55-741A405BAD27}"
EndProject
Project("{FAE04EC0-301F-11D3-BF4B-00C04F79EFBC}") = "XpmSample", "XpmSample\XpmSample.csproj", "{5EEE3C28-5AB4-40B6-BE1F-415CE3C1C0AC}"
EndProject
Global
	GlobalSection(SolutionConfigurationPlatforms) = preSolution
		Debug|Any CPU = Debug|Any CPU
		Release|Any CPU = Release|Any CPU
		Debug|iPhoneSimulator = Debug|iPhoneSimulator
		Release|iPhoneSimulator = Release|iPhoneSimulator
		Debug|iPhone = Debug|iPhone
		Release|iPhone = Release|iPhone
	EndGlobalSection
	GlobalSection(ProjectConfigurationPlatforms) = postSolution
		{370D63A8-5B28-4A34-8EC1-4954C6FB0DE7}.Debug|Any CPU.ActiveCfg = Debug|Any CPU
		{370D63A8-5B28-4A34-8EC1-4954C6FB0DE7}.Debug|Any CPU.Build.0 = Debug|Any CPU
		{370D63A8-5B28-4A34-8EC1-4954C6FB0DE7}.Release|Any CPU.ActiveCfg = Release|Any CPU
		{370D63A8-5B28-4A34-8EC1-4954C6FB0DE7}.Release|Any CPU.Build.0 = Release|Any CPU
		{370D63A8-5B28-4A34-8EC1-4954C6FB0DE7}.Debug|iPhoneSimulator.ActiveCfg = Debug|Any CPU
		{370D63A8-5B28-4A34-8EC1-4954C6FB0DE7}.Debug|iPhoneSimulator.Build.0 = Debug|Any CPU
		{370D63A8-5B28-4A34-8EC1-4954C6FB0DE7}.Release|iPhoneSimulator.ActiveCfg = Release|Any CPU
		{370D63A8-5B28-4A34-8EC1-4954C6FB0DE7}.Release|iPhoneSimulator.Build.0 = Release|Any CPU
		{370D63A8-5B28-4A34-8EC1-4954C6FB0DE7}.Debug|iPhone.ActiveCfg = Debug|Any CPU
		{370D63A8-5B28-4A34-8EC1-4954C6FB0DE7}.Debug|iPhone.Build.0 = Debug|Any CPU
		{370D63A8-5B28-4A34-8EC1-4954C6FB0DE7}.Release|iPhone.ActiveCfg = Release|Any CPU
		{370D63A8-5B28-4A34-8EC1-4954C6FB0DE7}.Release|iPhone.Build.0 = Release|Any CPU
		{F8FE0229-82B0-4E91-AF55-741A405BAD27}.Debug|Any CPU.ActiveCfg = Debug|iPhoneSimulator
		{F8FE0229-82B0-4E91-AF55-741A405BAD27}.Debug|Any CPU.Build.0 = Debug|iPhoneSimulator
		{F8FE0229-82B0-4E91-AF55-741A405BAD27}.Release|Any CPU.ActiveCfg = Release|iPhoneSimulator
		{F8FE0229-82B0-4E91-AF55-741A405BAD27}.Release|Any CPU.Build.0 = Release|iPhoneSimulator
		{F8FE0229-82B0-4E91-AF55-741A405BAD27}.Debug|iPhoneSimulator.ActiveCfg = Debug|iPhoneSimulator
		{F8FE0229-82B0-4E91-AF55-741A405BAD27}.Debug|iPhoneSimulator.Build.0 = Debug|iPhoneSimulator
		{F8FE0229-82B0-4E91-AF55-741A405BAD27}.Release|iPhoneSimulator.ActiveCfg = Release|iPhoneSimulator
		{F8FE0229-82B0-4E91-AF55-741A405BAD27}.Release|iPhoneSimulator.Build.0 = Release|iPhoneSimulator
		{F8FE0229-82B0-4E91-AF55-741A405BAD27}.Debug|iPhone.ActiveCfg = Debug|iPhone
		{F8FE0229-82B0-4E91-AF55-741A405BAD27}.Debug|iPhone.Build.0 = Debug|iPhone
		{F8FE0229-82B0-4E91-AF55-741A405BAD27}.Release|iPhone.ActiveCfg = Release|iPhone
		{F8FE0229-82B0-4E91-AF55-741A405BAD27}.Release|iPhone.Build.0 = Release|iPhone
		{5EEE3C28-5AB4-40B6-BE1F-415CE3C1C0AC}.Debug|Any CPU.ActiveCfg = Debug|Any CPU
		{5EEE3C28-5AB4-40B6-BE1F-415CE3C1C0AC}.Debug|Any CPU.Build.0 = Debug|Any CPU
		{5EEE3C28-5AB4-40B6-BE1F-415CE3C1C0AC}.Release|Any CPU.ActiveCfg = Release|Any CPU
		{5EEE3C28-5AB4-40B6-BE1F-415CE3C1C0AC}.Release|Any CPU.Build.0 = Release|Any CPU
		{5EEE3C28-5AB4-40B6-BE1F-415CE3C1C0AC}.Debug|iPhoneSimulator.ActiveCfg = Debug|Any CPU
		{5EEE3C28-5AB4-40B6-BE1F-415CE3C1C0AC}.Debug|iPhoneSimulator.Build.0 = Debug|Any CPU
		{5EEE3C28-5AB4-40B6-BE1F-415CE3C1C0AC}.Release|iPhoneSimulator.ActiveCfg = Release|Any CPU
		{5EEE3C28-5AB4-40B6-BE1F-415CE3C1C0AC}.Release|iPhoneSimulator.Build.0 = Release|Any CPU
		{5EEE3C28-5AB4-40B6-BE1F-415CE3C1C0AC}.Debug|iPhone.ActiveCfg = Debug|Any CPU
		{5EEE3C28-5AB4-40B6-BE1F-415CE3C1C0AC}.Debug|iPhone.Build.0 = Debug|Any CPU
		{5EEE3C28-5AB4-40B6-BE1F-415CE3C1C0AC}.Release|iPhone.ActiveCfg = Release|Any CPU
		{5EEE3C28-5AB4-40B6-BE1F-415CE3C1C0AC}.Release|iPhone.Build.0 = Release|Any CPU
	EndGlobalSection
	GlobalSection(SolutionProperties) = preSolution
		HideSolutionNode = FALSE
	EndGlobalSection
	GlobalSection(ExtensibilityGlobals) = postSolution
		SolutionGuid = {7A7D210E-AEEA-4094-A1D5-8B9A811FCB08}
	EndGlobalSection
EndGlobal
